// !$*UTF8*$!
{
	archiveVersion = 1;
	classes = {
	};
	objectVersion = 46;
	objects = {

/* Begin PBXBuildFile section */
		43A59FC81A89819700FF1FB9 /* main.m in Sources */ = {isa = PBXBuildFile; fileRef = 43A59FC71A89819700FF1FB9 /* main.m */; };
		43A59FCB1A89819700FF1FB9 /* AppDelegate.m in Sources */ = {isa = PBXBuildFile; fileRef = 43A59FCA1A89819700FF1FB9 /* AppDelegate.m */; };
		43A59FCE1A89819700FF1FB9 /* ViewController.m in Sources */ = {isa = PBXBuildFile; fileRef = 43A59FCD1A89819700FF1FB9 /* ViewController.m */; };
		43A59FD11A89819700FF1FB9 /* Main.storyboard in Resources */ = {isa = PBXBuildFile; fileRef = 43A59FCF1A89819700FF1FB9 /* Main.storyboard */; };
		43A59FD31A89819700FF1FB9 /* Images.xcassets in Resources */ = {isa = PBXBuildFile; fileRef = 43A59FD21A89819700FF1FB9 /* Images.xcassets */; };
		43A59FD61A89819700FF1FB9 /* LaunchScreen.xib in Resources */ = {isa = PBXBuildFile; fileRef = 43A59FD41A89819700FF1FB9 /* LaunchScreen.xib */; };
		43A59FE21A89819700FF1FB9 /* WebViewTests.m in Sources */ = {isa = PBXBuildFile; fileRef = 43A59FE11A89819700FF1FB9 /* WebViewTests.m */; };
/* End PBXBuildFile section */

/* Begin PBXContainerItemProxy section */
		43A59FDC1A89819700FF1FB9 /* PBXContainerItemProxy */ = {
			isa = PBXContainerItemProxy;
			containerPortal = 43A59FBA1A89819700FF1FB9 /* Project object */;
			proxyType = 1;
			remoteGlobalIDString = 43A59FC11A89819700FF1FB9;
			remoteInfo = WebView;
		};
/* End PBXContainerItemProxy section */

/* Begin PBXFileReference section */
		43A59FC21A89819700FF1FB9 /* WebView.app */ = {isa = PBXFileReference; explicitFileType = wrapper.application; includeInIndex = 0; path = WebView.app; sourceTree = BUILT_PRODUCTS_DIR; };
		43A59FC61A89819700FF1FB9 /* Info.plist */ = {isa = PBXFileReference; lastKnownFileType = text.plist.xml; path = Info.plist; sourceTree = "<group>"; };
		43A59FC71A89819700FF1FB9 /* main.m */ = {isa = PBXFileReference; lastKnownFileType = sourcecode.c.objc; path = main.m; sourceTree = "<group>"; };
		43A59FC91A89819700FF1FB9 /* AppDelegate.h */ = {isa = PBXFileReference; lastKnownFileType = sourcecode.c.h; path = AppDelegate.h; sourceTree = "<group>"; };
		43A59FCA1A89819700FF1FB9 /* AppDelegate.m */ = {isa = PBXFileReference; lastKnownFileType = sourcecode.c.objc; path = AppDelegate.m; sourceTree = "<group>"; };
		43A59FCC1A89819700FF1FB9 /* ViewController.h */ = {isa = PBXFileReference; lastKnownFileType = sourcecode.c.h; path = ViewController.h; sourceTree = "<group>"; };
		43A59FCD1A89819700FF1FB9 /* ViewController.m */ = {isa = PBXFileReference; lastKnownFileType = sourcecode.c.objc; path = ViewController.m; sourceTree = "<group>"; };
		43A59FD01A89819700FF1FB9 /* Base */ = {isa = PBXFileReference; lastKnownFileType = file.storyboard; name = Base; path = Base.lproj/Main.storyboard; sourceTree = "<group>"; };
		43A59FD21A89819700FF1FB9 /* Images.xcassets */ = {isa = PBXFileReference; lastKnownFileType = folder.assetcatalog; path = Images.xcassets; sourceTree = "<group>"; };
		43A59FD51A89819700FF1FB9 /* Base */ = {isa = PBXFileReference; lastKnownFileType = file.xib; name = Base; path = Base.lproj/LaunchScreen.xib; sourceTree = "<group>"; };
		43A59FDB1A89819700FF1FB9 /* WebViewTests.xctest */ = {isa = PBXFileReference; explicitFileType = wrapper.cfbundle; includeInIndex = 0; path = WebViewTests.xctest; sourceTree = BUILT_PRODUCTS_DIR; };
		43A59FE01A89819700FF1FB9 /* Info.plist */ = {isa = PBXFileReference; lastKnownFileType = text.plist.xml; path = Info.plist; sourceTree = "<group>"; };
		43A59FE11A89819700FF1FB9 /* WebViewTests.m */ = {isa = PBXFileReference; lastKnownFileType = sourcecode.c.objc; path = WebViewTests.m; sourceTree = "<group>"; };
/* End PBXFileReference section */

/* Begin PBXFrameworksBuildPhase section */
		43A59FBF1A89819700FF1FB9 /* Frameworks */ = {
			isa = PBXFrameworksBuildPhase;
			buildActionMask = 2147483647;
			files = (
			);
			runOnlyForDeploymentPostprocessing = 0;
		};
		43A59FD81A89819700FF1FB9 /* Frameworks */ = {
			isa = PBXFrameworksBuildPhase;
			buildActionMask = 2147483647;
			files = (
			);
			runOnlyForDeploymentPostprocessing = 0;
		};
/* End PBXFrameworksBuildPhase section */

/* Begin PBXGroup section */
		43A59FB91A89819700FF1FB9 = {
			isa = PBXGroup;
			children = (
				43A59FC41A89819700FF1FB9 /* WebView */,
				43A59FDE1A89819700FF1FB9 /* WebViewTests */,
				43A59FC31A89819700FF1FB9 /* Products */,
			);
			sourceTree = "<group>";
		};
		43A59FC31A89819700FF1FB9 /* Products */ = {
			isa = PBXGroup;
			children = (
				43A59FC21A89819700FF1FB9 /* WebView.app */,
				43A59FDB1A89819700FF1FB9 /* WebViewTests.xctest */,
			);
			name = Products;
			sourceTree = "<group>";
		};
		43A59FC41A89819700FF1FB9 /* WebView */ = {
			isa = PBXGroup;
			children = (
				43A59FC91A89819700FF1FB9 /* AppDelegate.h */,
				43A59FCA1A89819700FF1FB9 /* AppDelegate.m */,
				43A59FCC1A89819700FF1FB9 /* ViewController.h */,
				43A59FCD1A89819700FF1FB9 /* ViewController.m */,
				43A59FCF1A89819700FF1FB9 /* Main.storyboard */,
				43A59FD21A89819700FF1FB9 /* Images.xcassets */,
				43A59FD41A89819700FF1FB9 /* LaunchScreen.xib */,
				43A59FC51A89819700FF1FB9 /* Supporting Files */,
			);
			path = WebView;
			sourceTree = "<group>";
		};
		43A59FC51A89819700FF1FB9 /* Supporting Files */ = {
			isa = PBXGroup;
			children = (
				43A59FC61A89819700FF1FB9 /* Info.plist */,
				43A59FC71A89819700FF1FB9 /* main.m */,
			);
			name = "Supporting Files";
			sourceTree = "<group>";
		};
		43A59FDE1A89819700FF1FB9 /* WebViewTests */ = {
			isa = PBXGroup;
			children = (
				43A59FE11A89819700FF1FB9 /* WebViewTests.m */,
				43A59FDF1A89819700FF1FB9 /* Supporting Files */,
			);
			path = WebViewTests;
			sourceTree = "<group>";
		};
		43A59FDF1A89819700FF1FB9 /* Supporting Files */ = {
			isa = PBXGroup;
			children = (
				43A59FE01A89819700FF1FB9 /* Info.plist */,
			);
			name = "Supporting Files";
			sourceTree = "<group>";
		};
/* End PBXGroup section */

/* Begin PBXNativeTarget section */
		43A59FC11A89819700FF1FB9 /* WebView */ = {
			isa = PBXNativeTarget;
			buildConfigurationList = 43A59FE51A89819700FF1FB9 /* Build configuration list for PBXNativeTarget "WebView" */;
			buildPhases = (
				43A59FBE1A89819700FF1FB9 /* Sources */,
				43A59FBF1A89819700FF1FB9 /* Frameworks */,
				43A59FC01A89819700FF1FB9 /* Resources */,
			);
			buildRules = (
			);
			dependencies = (
			);
			name = WebView;
			productName = WebView;
			productReference = 43A59FC21A89819700FF1FB9 /* WebView.app */;
			productType = "com.apple.product-type.application";
		};
		43A59FDA1A89819700FF1FB9 /* WebViewTests */ = {
			isa = PBXNativeTarget;
			buildConfigurationList = 43A59FE81A89819700FF1FB9 /* Build configuration list for PBXNativeTarget "WebViewTests" */;
			buildPhases = (
				43A59FD71A89819700FF1FB9 /* Sources */,
				43A59FD81A89819700FF1FB9 /* Frameworks */,
				43A59FD91A89819700FF1FB9 /* Resources */,
			);
			buildRules = (
			);
			dependencies = (
				43A59FDD1A89819700FF1FB9 /* PBXTargetDependency */,
			);
			name = WebViewTests;
			productName = WebViewTests;
			productReference = 43A59FDB1A89819700FF1FB9 /* WebViewTests.xctest */;
			productType = "com.apple.product-type.bundle.unit-test";
		};
/* End PBXNativeTarget section */

/* Begin PBXProject section */
		43A59FBA1A89819700FF1FB9 /* Project object */ = {
			isa = PBXProject;
			attributes = {
				LastUpgradeCheck = 0610;
				ORGANIZATIONNAME = "Dillan Nguyen";
				TargetAttributes = {
					43A59FC11A89819700FF1FB9 = {
						CreatedOnToolsVersion = 6.1.1;
					};
					43A59FDA1A89819700FF1FB9 = {
						CreatedOnToolsVersion = 6.1.1;
						TestTargetID = 43A59FC11A89819700FF1FB9;
					};
				};
			};
			buildConfigurationList = 43A59FBD1A89819700FF1FB9 /* Build configuration list for PBXProject "WebView" */;
			compatibilityVersion = "Xcode 3.2";
			developmentRegion = English;
			hasScannedForEncodings = 0;
			knownRegions = (
				en,
				Base,
			);
			mainGroup = 43A59FB91A89819700FF1FB9;
			productRefGroup = 43A59FC31A89819700FF1FB9 /* Products */;
			projectDirPath = "";
			projectRoot = "";
			targets = (
				43A59FC11A89819700FF1FB9 /* WebView */,
				43A59FDA1A89819700FF1FB9 /* WebViewTests */,
			);
		};
/* End PBXProject section */

/* Begin PBXResourcesBuildPhase section */
		43A59FC01A89819700FF1FB9 /* Resources */ = {
			isa = PBXResourcesBuildPhase;
			buildActionMask = 2147483647;
			files = (
				43A59FD11A89819700FF1FB9 /* Main.storyboard in Resources */,
				43A59FD61A89819700FF1FB9 /* LaunchScreen.xib in Resources */,
				43A59FD31A89819700FF1FB9 /* Images.xcassets in Resources */,
			);
			runOnlyForDeploymentPostprocessing = 0;
		};
		43A59FD91A89819700FF1FB9 /* Resources */ = {
			isa = PBXResourcesBuildPhase;
			buildActionMask = 2147483647;
			files = (
			);
			runOnlyForDeploymentPostprocessing = 0;
		};
/* End PBXResourcesBuildPhase section */

/* Begin PBXSourcesBuildPhase section */
		43A59FBE1A89819700FF1FB9 /* Sources */ = {
			isa = PBXSourcesBuildPhase;
			buildActionMask = 2147483647;
			files = (
				43A59FCE1A89819700FF1FB9 /* ViewController.m in Sources */,
				43A59FCB1A89819700FF1FB9 /* AppDelegate.m in Sources */,
				43A59FC81A89819700FF1FB9 /* main.m in Sources */,
			);
			runOnlyForDeploymentPostprocessing = 0;
		};
		43A59FD71A89819700FF1FB9 /* Sources */ = {
			isa = PBXSourcesBuildPhase;
			buildActionMask = 2147483647;
			files = (
				43A59FE21A89819700FF1FB9 /* WebViewTests.m in Sources */,
			);
			runOnlyForDeploymentPostprocessing = 0;
		};
/* End PBXSourcesBuildPhase section */

/* Begin PBXTargetDependency section */
		43A59FDD1A89819700FF1FB9 /* PBXTargetDependency */ = {
			isa = PBXTargetDependency;
			target = 43A59FC11A89819700FF1FB9 /* WebView */;
			targetProxy = 43A59FDC1A89819700FF1FB9 /* PBXContainerItemProxy */;
		};
/* End PBXTargetDependency section */

/* Begin PBXVariantGroup section */
		43A59FCF1A89819700FF1FB9 /* Main.storyboard */ = {
			isa = PBXVariantGroup;
			children = (
				43A59FD01A89819700FF1FB9 /* Base */,
			);
			name = Main.storyboard;
			sourceTree = "<group>";
		};
		43A59FD41A89819700FF1FB9 /* LaunchScreen.xib */ = {
			isa = PBXVariantGroup;
			children = (
				43A59FD51A89819700FF1FB9 /* Base */,
			);
			name = LaunchScreen.xib;
			sourceTree = "<group>";
		};
/* End PBXVariantGroup section */

/* Begin XCBuildConfiguration section */
		43A59FE31A89819700FF1FB9 /* Debug */ = {
			isa = XCBuildConfiguration;
			buildSettings = {
				ALWAYS_SEARCH_USER_PATHS = NO;
				CLANG_CXX_LANGUAGE_STANDARD = "gnu++0x";
				CLANG_CXX_LIBRARY = "libc++";
				CLANG_ENABLE_MODULES = YES;
				CLANG_ENABLE_OBJC_ARC = YES;
				CLANG_WARN_BOOL_CONVERSION = YES;
				CLANG_WARN_CONSTANT_CONVERSION = YES;
				CLANG_WARN_DIRECT_OBJC_ISA_USAGE = YES_ERROR;
				CLANG_WARN_EMPTY_BODY = YES;
				CLANG_WARN_ENUM_CONVERSION = YES;
				CLANG_WARN_INT_CONVERSION = YES;
				CLANG_WARN_OBJC_ROOT_CLASS = YES_ERROR;
				CLANG_WARN_UNREACHABLE_CODE = YES;
				CLANG_WARN__DUPLICATE_METHOD_MATCH = YES;
				"CODE_SIGN_IDENTITY[sdk=iphoneos*]" = "iPhone Developer";
				COPY_PHASE_STRIP = NO;
				ENABLE_STRICT_OBJC_MSGSEND = YES;
				GCC_C_LANGUAGE_STANDARD = gnu99;
				GCC_DYNAMIC_NO_PIC = NO;
				GCC_OPTIMIZATION_LEVEL = 0;
				GCC_PREPROCESSOR_DEFINITIONS = (
					"DEBUG=1",
					"$(inherited)",
				);
				GCC_SYMBOLS_PRIVATE_EXTERN = NO;
				GCC_WARN_64_TO_32_BIT_CONVERSION = YES;
				GCC_WARN_ABOUT_RETURN_TYPE = YES_ERROR;
				GCC_WARN_UNDECLARED_SELECTOR = YES;
				GCC_WARN_UNINITIALIZED_AUTOS = YES_AGGRESSIVE;
				GCC_WARN_UNUSED_FUNCTION = YES;
				GCC_WARN_UNUSED_VARIABLE = YES;
				IPHONEOS_DEPLOYMENT_TARGET = 8.1;
				MTL_ENABLE_DEBUG_INFO = YES;
				ONLY_ACTIVE_ARCH = YES;
				SDKROOT = iphoneos;
			};
			name = Debug;
		};
		43A59FE41A89819700FF1FB9 /* Release */ = {
			isa = XCBuildConfiguration;
			buildSettings = {
				ALWAYS_SEARCH_USER_PATHS = NO;
				CLANG_CXX_LANGUAGE_STANDARD = "gnu++0x";
				CLANG_CXX_LIBRARY = "libc++";
				CLANG_ENABLE_MODULES = YES;
				CLANG_ENABLE_OBJC_ARC = YES;
				CLANG_WARN_BOOL_CONVERSION = YES;
				CLANG_WARN_CONSTANT_CONVERSION = YES;
				CLANG_WARN_DIRECT_OBJC_ISA_USAGE = YES_ERROR;
				CLANG_WARN_EMPTY_BODY = YES;
				CLANG_WARN_ENUM_CONVERSION = YES;
				CLANG_WARN_INT_CONVERSION = YES;
				CLANG_WARN_OBJC_ROOT_CLASS = YES_ERROR;
				CLANG_WARN_UNREACHABLE_CODE = YES;
				CLANG_WARN__DUPLICATE_METHOD_MATCH = YES;
				"CODE_SIGN_IDENTITY[sdk=iphoneos*]" = "iPhone Developer";
				COPY_PHASE_STRIP = YES;
				ENABLE_NS_ASSERTIONS = NO;
				ENABLE_STRICT_OBJC_MSGSEND = YES;
				GCC_C_LANGUAGE_STANDARD = gnu99;
				GCC_WARN_64_TO_32_BIT_CONVERSION = YES;
				GCC_WARN_ABOUT_RETURN_TYPE = YES_ERROR;
				GCC_WARN_UNDECLARED_SELECTOR = YES;
				GCC_WARN_UNINITIALIZED_AUTOS = YES_AGGRESSIVE;
				GCC_WARN_UNUSED_FUNCTION = YES;
				GCC_WARN_UNUSED_VARIABLE = YES;
				IPHONEOS_DEPLOYMENT_TARGET = 8.1;
				MTL_ENABLE_DEBUG_INFO = NO;
				SDKROOT = iphoneos;
				VALIDATE_PRODUCT = YES;
			};
			name = Release;
		};
		43A59FE61A89819700FF1FB9 /* Debug */ = {
			isa = XCBuildConfiguration;
			buildSettings = {
				ASSETCATALOG_COMPILER_APPICON_NAME = AppIcon;
				INFOPLIST_FILE = WebView/Info.plist;
				LD_RUNPATH_SEARCH_PATHS = "$(inherited) @executable_path/Frameworks";
				PRODUCT_NAME = "$(TARGET_NAME)";
			};
			name = Debug;
		};
		43A59FE71A89819700FF1FB9 /* Release */ = {
			isa = XCBuildConfiguration;
			buildSettings = {
				ASSETCATALOG_COMPILER_APPICON_NAME = AppIcon;
				INFOPLIST_FILE = WebView/Info.plist;
				LD_RUNPATH_SEARCH_PATHS = "$(inherited) @executable_path/Frameworks";
				PRODUCT_NAME = "$(TARGET_NAME)";
			};
			name = Release;
		};
		43A59FE91A89819700FF1FB9 /* Debug */ = {
			isa = XCBuildConfiguration;
			buildSettings = {
				BUNDLE_LOADER = "$(TEST_HOST)";
				FRAMEWORK_SEARCH_PATHS = (
					"$(SDKROOT)/Developer/Library/Frameworks",
					"$(inherited)",
				);
				GCC_PREPROCESSOR_DEFINITIONS = (
					"DEBUG=1",
					"$(inherited)",
				);
				INFOPLIST_FILE = WebViewTests/Info.plist;
				LD_RUNPATH_SEARCH_PATHS = "$(inherited) @executable_path/Frameworks @loader_path/Frameworks";
				PRODUCT_NAME = "$(TARGET_NAME)";
				TEST_HOST = "$(BUILT_PRODUCTS_DIR)/WebView.app/WebView";
			};
			name = Debug;
		};
		43A59FEA1A89819700FF1FB9 /* Release */ = {
			isa = XCBuildConfiguration;
			buildSettings = {
				BUNDLE_LOADER = "$(TEST_HOST)";
				FRAMEWORK_SEARCH_PATHS = (
					"$(SDKROOT)/Developer/Library/Frameworks",
					"$(inherited)",
				);
				INFOPLIST_FILE = WebViewTests/Info.plist;
				LD_RUNPATH_SEARCH_PATHS = "$(inherited) @executable_path/Frameworks @loader_path/Frameworks";
				PRODUCT_NAME = "$(TARGET_NAME)";
				TEST_HOST = "$(BUILT_PRODUCTS_DIR)/WebView.app/WebView";
			};
			name = Release;
		};
/* End XCBuildConfiguration section */

/* Begin XCConfigurationList section */
		43A59FBD1A89819700FF1FB9 /* Build configuration list for PBXProject "WebView" */ = {
			isa = XCConfigurationList;
			buildConfigurations = (
				43A59FE31A89819700FF1FB9 /* Debug */,
				43A59FE41A89819700FF1FB9 /* Release */,
			);
			defaultConfigurationIsVisible = 0;
			defaultConfigurationName = Release;
		};
		43A59FE51A89819700FF1FB9 /* Build configuration list for PBXNativeTarget "WebView" */ = {
			isa = XCConfigurationList;
			buildConfigurations = (
				43A59FE61A89819700FF1FB9 /* Debug */,
				43A59FE71A89819700FF1FB9 /* Release */,
			);
			defaultConfigurationIsVisible = 0;
		};
		43A59FE81A89819700FF1FB9 /* Build configuration list for PBXNativeTarget "WebViewTests" */ = {
			isa = XCConfigurationList;
			buildConfigurations = (
				43A59FE91A89819700FF1FB9 /* Debug */,
				43A59FEA1A89819700FF1FB9 /* Release */,
			);
			defaultConfigurationIsVisible = 0;
		};
/* End XCConfigurationList section */
	};
	rootObject = 43A59FBA1A89819700FF1FB9 /* Project object */;
}
